// !$*UTF8*$!
{
	archiveVersion = 1;
	classes = {
	};
	objectVersion = 50;
	objects = {

/* Begin PBXBuildFile section */
		2D651EF0257822AC00D42336 /* URLQueryItemArrayExtension.swift in Sources */ = {isa = PBXBuildFile; fileRef = 2D651EEF257822AC00D42336 /* URLQueryItemArrayExtension.swift */; };
		2D651EF2257824C500D42336 /* URLExtension.swift in Sources */ = {isa = PBXBuildFile; fileRef = 2D651EF1257824C500D42336 /* URLExtension.swift */; };
		2D651EF4257828FB00D42336 /* AlertHandler.swift in Sources */ = {isa = PBXBuildFile; fileRef = 2D651EF3257828FB00D42336 /* AlertHandler.swift */; };
		2D651EF72578610A00D42336 /* Result.swift in Sources */ = {isa = PBXBuildFile; fileRef = 2D651EF62578610A00D42336 /* Result.swift */; };
		2D651EF925786C9600D42336 /* WeatherElements.swift in Sources */ = {isa = PBXBuildFile; fileRef = 2D651EF825786C9500D42336 /* WeatherElements.swift */; };
		2D651EFB2578728400D42336 /* StringExtension.swift in Sources */ = {isa = PBXBuildFile; fileRef = 2D651EFA2578728400D42336 /* StringExtension.swift */; };
		2D651EFD25787BEF00D42336 /* UIImageExtension.swift in Sources */ = {isa = PBXBuildFile; fileRef = 2D651EFC25787BEF00D42336 /* UIImageExtension.swift */; };
		2D661AFF257729CF00BB2402 /* Localizable.strings in Resources */ = {isa = PBXBuildFile; fileRef = 2D661B01257729CF00BB2402 /* Localizable.strings */; };
		2D661B0425772A6D00BB2402 /* L10n.swift in Sources */ = {isa = PBXBuildFile; fileRef = 2D661B0325772A6D00BB2402 /* L10n.swift */; };
		2D9B656025711C9200301E23 /* AppDelegate.swift in Sources */ = {isa = PBXBuildFile; fileRef = 2D9B655F25711C9200301E23 /* AppDelegate.swift */; };
		2D9B656225711C9200301E23 /* SceneDelegate.swift in Sources */ = {isa = PBXBuildFile; fileRef = 2D9B656125711C9200301E23 /* SceneDelegate.swift */; };
		2D9B656425711C9200301E23 /* WeatherViewController.swift in Sources */ = {isa = PBXBuildFile; fileRef = 2D9B656325711C9200301E23 /* WeatherViewController.swift */; };
		2D9B656725711C9200301E23 /* Main.storyboard in Resources */ = {isa = PBXBuildFile; fileRef = 2D9B656525711C9200301E23 /* Main.storyboard */; };
		2D9B656925711C9C00301E23 /* Images.xcassets in Resources */ = {isa = PBXBuildFile; fileRef = 2D9B656825711C9C00301E23 /* Images.xcassets */; };
		2D9B656C25711C9C00301E23 /* LaunchScreen.storyboard in Resources */ = {isa = PBXBuildFile; fileRef = 2D9B656A25711C9C00301E23 /* LaunchScreen.storyboard */; };
		2D9B657725711C9C00301E23 /* TractiveWeatherTests.swift in Sources */ = {isa = PBXBuildFile; fileRef = 2D9B657625711C9C00301E23 /* TractiveWeatherTests.swift */; };
		2D9B658225711C9D00301E23 /* WeatherTests.swift in Sources */ = {isa = PBXBuildFile; fileRef = 2D9B658125711C9D00301E23 /* WeatherTests.swift */; };
		2D9B65992571278600301E23 /* WeatherApiResponseModel.swift in Sources */ = {isa = PBXBuildFile; fileRef = 2D9B65982571278600301E23 /* WeatherApiResponseModel.swift */; };
		2D9B659F25712B5D00301E23 /* WeatherApiResponseMock.json in Resources */ = {isa = PBXBuildFile; fileRef = 2D9B659E25712B5D00301E23 /* WeatherApiResponseMock.json */; };
		2D9B65A325766C2900301E23 /* ApiManager.swift in Sources */ = {isa = PBXBuildFile; fileRef = 2D9B65A225766C2900301E23 /* ApiManager.swift */; };
		2D9B65A525766CDA00301E23 /* PlistReader.swift in Sources */ = {isa = PBXBuildFile; fileRef = 2D9B65A425766CDA00301E23 /* PlistReader.swift */; };
		2D9B65A725767A6E00301E23 /* WeatherOverviewTableViewCell.swift in Sources */ = {isa = PBXBuildFile; fileRef = 2D9B65A625767A6E00301E23 /* WeatherOverviewTableViewCell.swift */; };
		2D9B65A925767C0600301E23 /* UITableViewExtension.swift in Sources */ = {isa = PBXBuildFile; fileRef = 2D9B65A825767C0500301E23 /* UITableViewExtension.swift */; };
		2D9B65AB2576AF5900301E23 /* WeatherDetailsTableViewCell.swift in Sources */ = {isa = PBXBuildFile; fileRef = 2D9B65AA2576AF5900301E23 /* WeatherDetailsTableViewCell.swift */; };
		2DC7EFC62576C37100F2BA8B /* DateExtension.swift in Sources */ = {isa = PBXBuildFile; fileRef = 2DC7EFC52576C37100F2BA8B /* DateExtension.swift */; };
		2DC7EFC82576C40800F2BA8B /* DateFormatterExtension.swift in Sources */ = {isa = PBXBuildFile; fileRef = 2DC7EFC72576C40800F2BA8B /* DateFormatterExtension.swift */; };
		2DC7EFCA2576C5DC00F2BA8B /* IntExtension.swift in Sources */ = {isa = PBXBuildFile; fileRef = 2DC7EFC92576C5DC00F2BA8B /* IntExtension.swift */; };
		2DC7EFCC2576DAAD00F2BA8B /* WeatherViewModel.swift in Sources */ = {isa = PBXBuildFile; fileRef = 2DC7EFCB2576DAAD00F2BA8B /* WeatherViewModel.swift */; };
		2DC7EFCE2576DAE900F2BA8B /* WeatherModel.swift in Sources */ = {isa = PBXBuildFile; fileRef = 2DC7EFCD2576DAE900F2BA8B /* WeatherModel.swift */; };
		2DC7EFD02577025E00F2BA8B /* Environment.swift in Sources */ = {isa = PBXBuildFile; fileRef = 2DC7EFCF2577025E00F2BA8B /* Environment.swift */; };
		2DC7EFD22577156300F2BA8B /* Assets.swift in Sources */ = {isa = PBXBuildFile; fileRef = 2DC7EFD12577156300F2BA8B /* Assets.swift */; };
		2DE7348C257886F300E36DCB /* ViewData.swift in Sources */ = {isa = PBXBuildFile; fileRef = 2DE7348B257886F300E36DCB /* ViewData.swift */; };
		2DE7348E25788FD100E36DCB /* InfoPlistModel.swift in Sources */ = {isa = PBXBuildFile; fileRef = 2DE7348D25788FD100E36DCB /* InfoPlistModel.swift */; };
/* End PBXBuildFile section */

/* Begin PBXContainerItemProxy section */
		2D9B657325711C9C00301E23 /* PBXContainerItemProxy */ = {
			isa = PBXContainerItemProxy;
			containerPortal = 2D9B655425711C9200301E23 /* Project object */;
			proxyType = 1;
			remoteGlobalIDString = 2D9B655B25711C9200301E23;
			remoteInfo = TractiveWeather;
		};
		2D9B657E25711C9D00301E23 /* PBXContainerItemProxy */ = {
			isa = PBXContainerItemProxy;
			containerPortal = 2D9B655425711C9200301E23 /* Project object */;
			proxyType = 1;
			remoteGlobalIDString = 2D9B655B25711C9200301E23;
			remoteInfo = TractiveWeather;
		};
/* End PBXContainerItemProxy section */

/* Begin PBXFileReference section */
		2D651EEF257822AC00D42336 /* URLQueryItemArrayExtension.swift */ = {isa = PBXFileReference; lastKnownFileType = sourcecode.swift; path = URLQueryItemArrayExtension.swift; sourceTree = "<group>"; };
		2D651EF1257824C500D42336 /* URLExtension.swift */ = {isa = PBXFileReference; lastKnownFileType = sourcecode.swift; path = URLExtension.swift; sourceTree = "<group>"; };
		2D651EF3257828FB00D42336 /* AlertHandler.swift */ = {isa = PBXFileReference; lastKnownFileType = sourcecode.swift; path = AlertHandler.swift; sourceTree = "<group>"; };
		2D651EF62578610A00D42336 /* Result.swift */ = {isa = PBXFileReference; lastKnownFileType = sourcecode.swift; path = Result.swift; sourceTree = "<group>"; };
		2D651EF825786C9500D42336 /* WeatherElements.swift */ = {isa = PBXFileReference; lastKnownFileType = sourcecode.swift; path = WeatherElements.swift; sourceTree = "<group>"; };
		2D651EFA2578728400D42336 /* StringExtension.swift */ = {isa = PBXFileReference; lastKnownFileType = sourcecode.swift; path = StringExtension.swift; sourceTree = "<group>"; };
		2D651EFC25787BEF00D42336 /* UIImageExtension.swift */ = {isa = PBXFileReference; lastKnownFileType = sourcecode.swift; path = UIImageExtension.swift; sourceTree = "<group>"; };
		2D661B00257729CF00BB2402 /* en */ = {isa = PBXFileReference; lastKnownFileType = text.plist.strings; name = en; path = en.lproj/Localizable.strings; sourceTree = "<group>"; };
		2D661B02257729F500BB2402 /* de */ = {isa = PBXFileReference; lastKnownFileType = text.plist.strings; name = de; path = de.lproj/Localizable.strings; sourceTree = "<group>"; };
		2D661B0325772A6D00BB2402 /* L10n.swift */ = {isa = PBXFileReference; lastKnownFileType = sourcecode.swift; path = L10n.swift; sourceTree = "<group>"; };
		2D9B655C25711C9200301E23 /* Tractive Weather.app */ = {isa = PBXFileReference; explicitFileType = wrapper.application; includeInIndex = 0; path = "Tractive Weather.app"; sourceTree = BUILT_PRODUCTS_DIR; };
		2D9B655F25711C9200301E23 /* AppDelegate.swift */ = {isa = PBXFileReference; lastKnownFileType = sourcecode.swift; path = AppDelegate.swift; sourceTree = "<group>"; };
		2D9B656125711C9200301E23 /* SceneDelegate.swift */ = {isa = PBXFileReference; lastKnownFileType = sourcecode.swift; path = SceneDelegate.swift; sourceTree = "<group>"; };
		2D9B656325711C9200301E23 /* WeatherViewController.swift */ = {isa = PBXFileReference; lastKnownFileType = sourcecode.swift; path = WeatherViewController.swift; sourceTree = "<group>"; };
		2D9B656625711C9200301E23 /* Base */ = {isa = PBXFileReference; lastKnownFileType = file.storyboard; name = Base; path = Base.lproj/Main.storyboard; sourceTree = "<group>"; };
		2D9B656825711C9C00301E23 /* Images.xcassets */ = {isa = PBXFileReference; lastKnownFileType = folder.assetcatalog; path = Images.xcassets; sourceTree = "<group>"; };
		2D9B656B25711C9C00301E23 /* Base */ = {isa = PBXFileReference; lastKnownFileType = file.storyboard; name = Base; path = Base.lproj/LaunchScreen.storyboard; sourceTree = "<group>"; };
		2D9B656D25711C9C00301E23 /* Info.plist */ = {isa = PBXFileReference; lastKnownFileType = text.plist.xml; path = Info.plist; sourceTree = "<group>"; };
		2D9B657225711C9C00301E23 /* Tests.xctest */ = {isa = PBXFileReference; explicitFileType = wrapper.cfbundle; includeInIndex = 0; path = Tests.xctest; sourceTree = BUILT_PRODUCTS_DIR; };
		2D9B657625711C9C00301E23 /* TractiveWeatherTests.swift */ = {isa = PBXFileReference; lastKnownFileType = sourcecode.swift; path = TractiveWeatherTests.swift; sourceTree = "<group>"; };
		2D9B657825711C9D00301E23 /* Info.plist */ = {isa = PBXFileReference; lastKnownFileType = text.plist.xml; path = Info.plist; sourceTree = "<group>"; };
		2D9B657D25711C9D00301E23 /* UITests.xctest */ = {isa = PBXFileReference; explicitFileType = wrapper.cfbundle; includeInIndex = 0; path = UITests.xctest; sourceTree = BUILT_PRODUCTS_DIR; };
		2D9B658125711C9D00301E23 /* WeatherTests.swift */ = {isa = PBXFileReference; lastKnownFileType = sourcecode.swift; path = WeatherTests.swift; sourceTree = "<group>"; };
		2D9B658325711C9D00301E23 /* Info.plist */ = {isa = PBXFileReference; lastKnownFileType = text.plist.xml; path = Info.plist; sourceTree = "<group>"; };
		2D9B65982571278600301E23 /* WeatherApiResponseModel.swift */ = {isa = PBXFileReference; lastKnownFileType = sourcecode.swift; path = WeatherApiResponseModel.swift; sourceTree = "<group>"; };
		2D9B659E25712B5D00301E23 /* WeatherApiResponseMock.json */ = {isa = PBXFileReference; lastKnownFileType = text.json; path = WeatherApiResponseMock.json; sourceTree = "<group>"; };
		2D9B65A225766C2900301E23 /* ApiManager.swift */ = {isa = PBXFileReference; lastKnownFileType = sourcecode.swift; path = ApiManager.swift; sourceTree = "<group>"; };
		2D9B65A425766CDA00301E23 /* PlistReader.swift */ = {isa = PBXFileReference; lastKnownFileType = sourcecode.swift; path = PlistReader.swift; sourceTree = "<group>"; };
		2D9B65A625767A6E00301E23 /* WeatherOverviewTableViewCell.swift */ = {isa = PBXFileReference; lastKnownFileType = sourcecode.swift; path = WeatherOverviewTableViewCell.swift; sourceTree = "<group>"; };
		2D9B65A825767C0500301E23 /* UITableViewExtension.swift */ = {isa = PBXFileReference; lastKnownFileType = sourcecode.swift; path = UITableViewExtension.swift; sourceTree = "<group>"; };
		2D9B65AA2576AF5900301E23 /* WeatherDetailsTableViewCell.swift */ = {isa = PBXFileReference; lastKnownFileType = sourcecode.swift; path = WeatherDetailsTableViewCell.swift; sourceTree = "<group>"; };
		2DC7EFC52576C37100F2BA8B /* DateExtension.swift */ = {isa = PBXFileReference; lastKnownFileType = sourcecode.swift; path = DateExtension.swift; sourceTree = "<group>"; };
		2DC7EFC72576C40800F2BA8B /* DateFormatterExtension.swift */ = {isa = PBXFileReference; lastKnownFileType = sourcecode.swift; path = DateFormatterExtension.swift; sourceTree = "<group>"; };
		2DC7EFC92576C5DC00F2BA8B /* IntExtension.swift */ = {isa = PBXFileReference; lastKnownFileType = sourcecode.swift; path = IntExtension.swift; sourceTree = "<group>"; };
		2DC7EFCB2576DAAD00F2BA8B /* WeatherViewModel.swift */ = {isa = PBXFileReference; lastKnownFileType = sourcecode.swift; path = WeatherViewModel.swift; sourceTree = "<group>"; };
		2DC7EFCD2576DAE900F2BA8B /* WeatherModel.swift */ = {isa = PBXFileReference; lastKnownFileType = sourcecode.swift; path = WeatherModel.swift; sourceTree = "<group>"; };
		2DC7EFCF2577025E00F2BA8B /* Environment.swift */ = {isa = PBXFileReference; lastKnownFileType = sourcecode.swift; path = Environment.swift; sourceTree = "<group>"; };
		2DC7EFD12577156300F2BA8B /* Assets.swift */ = {isa = PBXFileReference; lastKnownFileType = sourcecode.swift; path = Assets.swift; sourceTree = "<group>"; };
		2DE7348B257886F300E36DCB /* ViewData.swift */ = {isa = PBXFileReference; lastKnownFileType = sourcecode.swift; path = ViewData.swift; sourceTree = "<group>"; };
		2DE7348D25788FD100E36DCB /* InfoPlistModel.swift */ = {isa = PBXFileReference; lastKnownFileType = sourcecode.swift; path = InfoPlistModel.swift; sourceTree = "<group>"; };
/* End PBXFileReference section */

/* Begin PBXFrameworksBuildPhase section */
		2D9B655925711C9200301E23 /* Frameworks */ = {
			isa = PBXFrameworksBuildPhase;
			buildActionMask = 2147483647;
			files = (
			);
			runOnlyForDeploymentPostprocessing = 0;
		};
		2D9B656F25711C9C00301E23 /* Frameworks */ = {
			isa = PBXFrameworksBuildPhase;
			buildActionMask = 2147483647;
			files = (
			);
			runOnlyForDeploymentPostprocessing = 0;
		};
		2D9B657A25711C9D00301E23 /* Frameworks */ = {
			isa = PBXFrameworksBuildPhase;
			buildActionMask = 2147483647;
			files = (
			);
			runOnlyForDeploymentPostprocessing = 0;
		};
/* End PBXFrameworksBuildPhase section */

/* Begin PBXGroup section */
		2D651EF525785A4F00D42336 /* Utilities */ = {
			isa = PBXGroup;
			children = (
				2D651EF3257828FB00D42336 /* AlertHandler.swift */,
				2D9B65A425766CDA00301E23 /* PlistReader.swift */,
			);
			path = Utilities;
			sourceTree = "<group>";
		};
		2D661B052578192700BB2402 /* ApiModels */ = {
			isa = PBXGroup;
			children = (
				2D9B65982571278600301E23 /* WeatherApiResponseModel.swift */,
			);
			path = ApiModels;
			sourceTree = "<group>";
		};
		2D6B4F422578834F00C27A9C /* AppDelegate */ = {
			isa = PBXGroup;
			children = (
				2D9B655F25711C9200301E23 /* AppDelegate.swift */,
				2D9B656125711C9200301E23 /* SceneDelegate.swift */,
			);
			path = AppDelegate;
			sourceTree = "<group>";
		};
		2D6B4F432578837000C27A9C /* WeatherScreen */ = {
			isa = PBXGroup;
			children = (
				2D6B4F442578839A00C27A9C /* Cells */,
				2D9B656325711C9200301E23 /* WeatherViewController.swift */,
				2DC7EFCB2576DAAD00F2BA8B /* WeatherViewModel.swift */,
			);
			path = WeatherScreen;
			sourceTree = "<group>";
		};
		2D6B4F442578839A00C27A9C /* Cells */ = {
			isa = PBXGroup;
			children = (
				2D9B65AA2576AF5900301E23 /* WeatherDetailsTableViewCell.swift */,
				2D9B65A625767A6E00301E23 /* WeatherOverviewTableViewCell.swift */,
			);
			path = Cells;
			sourceTree = "<group>";
		};
		2D9B655325711C9200301E23 = {
			isa = PBXGroup;
			children = (
				2D9B655E25711C9200301E23 /* App */,
				2D9B657525711C9C00301E23 /* Tests */,
				2D9B658025711C9D00301E23 /* UITests */,
				2D9B655D25711C9200301E23 /* Products */,
			);
			sourceTree = "<group>";
		};
		2D9B655D25711C9200301E23 /* Products */ = {
			isa = PBXGroup;
			children = (
				2D9B655C25711C9200301E23 /* Tractive Weather.app */,
				2D9B657225711C9C00301E23 /* Tests.xctest */,
				2D9B657D25711C9D00301E23 /* UITests.xctest */,
			);
			name = Products;
			sourceTree = "<group>";
		};
		2D9B655E25711C9200301E23 /* App */ = {
			isa = PBXGroup;
			children = (
				2D9B658F25711D1300301E23 /* Sources */,
				2D9B659125711D2C00301E23 /* Resources */,
				2D9B659225711D4400301E23 /* SupportingFiles */,
			);
			path = App;
			sourceTree = "<group>";
		};
		2D9B657525711C9C00301E23 /* Tests */ = {
			isa = PBXGroup;
			children = (
				2D9B657625711C9C00301E23 /* TractiveWeatherTests.swift */,
				2D9B659E25712B5D00301E23 /* WeatherApiResponseMock.json */,
				2D9B657825711C9D00301E23 /* Info.plist */,
			);
			path = Tests;
			sourceTree = "<group>";
		};
		2D9B658025711C9D00301E23 /* UITests */ = {
			isa = PBXGroup;
			children = (
				2D651EF825786C9500D42336 /* WeatherElements.swift */,
				2D9B658125711C9D00301E23 /* WeatherTests.swift */,
				2D9B658325711C9D00301E23 /* Info.plist */,
			);
			path = UITests;
			sourceTree = "<group>";
		};
		2D9B658F25711D1300301E23 /* Sources */ = {
			isa = PBXGroup;
			children = (
				2D9B659025711D1F00301E23 /* Global */,
				2D9B659525711E7B00301E23 /* Models */,
				2D9B659425711E6C00301E23 /* Networking */,
				2D9B659325711DCB00301E23 /* ScreenFlows */,
			);
			path = Sources;
			sourceTree = "<group>";
		};
		2D9B659025711D1F00301E23 /* Global */ = {
			isa = PBXGroup;
			children = (
				2D651EF525785A4F00D42336 /* Utilities */,
				2DC7EFC42576C35B00F2BA8B /* Extensions */,
			);
			path = Global;
			sourceTree = "<group>";
		};
		2D9B659125711D2C00301E23 /* Resources */ = {
			isa = PBXGroup;
			children = (
				2DC7EFD12577156300F2BA8B /* Assets.swift */,
				2D9B656825711C9C00301E23 /* Images.xcassets */,
				2D661B0325772A6D00BB2402 /* L10n.swift */,
				2D661B01257729CF00BB2402 /* Localizable.strings */,
			);
			path = Resources;
			sourceTree = "<group>";
		};
		2D9B659225711D4400301E23 /* SupportingFiles */ = {
			isa = PBXGroup;
			children = (
				2D9B656D25711C9C00301E23 /* Info.plist */,
				2DC7EFCF2577025E00F2BA8B /* Environment.swift */,
			);
			path = SupportingFiles;
			sourceTree = "<group>";
		};
		2D9B659325711DCB00301E23 /* ScreenFlows */ = {
			isa = PBXGroup;
			children = (
				2D6B4F422578834F00C27A9C /* AppDelegate */,
				2D6B4F432578837000C27A9C /* WeatherScreen */,
				2D9B656525711C9200301E23 /* Main.storyboard */,
				2D9B656A25711C9C00301E23 /* LaunchScreen.storyboard */,
				2DE7348B257886F300E36DCB /* ViewData.swift */,
			);
			path = ScreenFlows;
			sourceTree = "<group>";
		};
		2D9B659425711E6C00301E23 /* Networking */ = {
			isa = PBXGroup;
			children = (
				2D9B65A225766C2900301E23 /* ApiManager.swift */,
				2D661B052578192700BB2402 /* ApiModels */,
				2D651EF62578610A00D42336 /* Result.swift */,
			);
			path = Networking;
			sourceTree = "<group>";
		};
		2D9B659525711E7B00301E23 /* Models */ = {
			isa = PBXGroup;
			children = (
				2DC7EFCD2576DAE900F2BA8B /* WeatherModel.swift */,
				2DE7348D25788FD100E36DCB /* InfoPlistModel.swift */,
			);
			path = Models;
			sourceTree = "<group>";
		};
		2DC7EFC42576C35B00F2BA8B /* Extensions */ = {
			isa = PBXGroup;
			children = (
				2DC7EFC52576C37100F2BA8B /* DateExtension.swift */,
				2DC7EFC72576C40800F2BA8B /* DateFormatterExtension.swift */,
				2DC7EFC92576C5DC00F2BA8B /* IntExtension.swift */,
				2D651EFA2578728400D42336 /* StringExtension.swift */,
				2D651EFC25787BEF00D42336 /* UIImageExtension.swift */,
				2D9B65A825767C0500301E23 /* UITableViewExtension.swift */,
				2D651EF1257824C500D42336 /* URLExtension.swift */,
				2D651EEF257822AC00D42336 /* URLQueryItemArrayExtension.swift */,
			);
			path = Extensions;
			sourceTree = "<group>";
		};
/* End PBXGroup section */

/* Begin PBXNativeTarget section */
		2D9B655B25711C9200301E23 /* App */ = {
			isa = PBXNativeTarget;
			buildConfigurationList = 2D9B658625711C9D00301E23 /* Build configuration list for PBXNativeTarget "App" */;
			buildPhases = (
				2D9B655825711C9200301E23 /* Sources */,
				2D9B655925711C9200301E23 /* Frameworks */,
				2D9B655A25711C9200301E23 /* Resources */,
			);
			buildRules = (
			);
			dependencies = (
			);
			name = App;
			productName = TractiveWeather;
			productReference = 2D9B655C25711C9200301E23 /* Tractive Weather.app */;
			productType = "com.apple.product-type.application";
		};
		2D9B657125711C9C00301E23 /* Tests */ = {
			isa = PBXNativeTarget;
			buildConfigurationList = 2D9B658925711C9D00301E23 /* Build configuration list for PBXNativeTarget "Tests" */;
			buildPhases = (
				2D9B656E25711C9C00301E23 /* Sources */,
				2D9B656F25711C9C00301E23 /* Frameworks */,
				2D9B657025711C9C00301E23 /* Resources */,
			);
			buildRules = (
			);
			dependencies = (
				2D9B657425711C9C00301E23 /* PBXTargetDependency */,
			);
			name = Tests;
			productName = TractiveWeatherTests;
			productReference = 2D9B657225711C9C00301E23 /* Tests.xctest */;
			productType = "com.apple.product-type.bundle.unit-test";
		};
		2D9B657C25711C9D00301E23 /* UITests */ = {
			isa = PBXNativeTarget;
			buildConfigurationList = 2D9B658C25711C9D00301E23 /* Build configuration list for PBXNativeTarget "UITests" */;
			buildPhases = (
				2D9B657925711C9D00301E23 /* Sources */,
				2D9B657A25711C9D00301E23 /* Frameworks */,
				2D9B657B25711C9D00301E23 /* Resources */,
			);
			buildRules = (
			);
			dependencies = (
				2D9B657F25711C9D00301E23 /* PBXTargetDependency */,
			);
			name = UITests;
			productName = TractiveWeatherUITests;
			productReference = 2D9B657D25711C9D00301E23 /* UITests.xctest */;
			productType = "com.apple.product-type.bundle.ui-testing";
		};
/* End PBXNativeTarget section */

/* Begin PBXProject section */
		2D9B655425711C9200301E23 /* Project object */ = {
			isa = PBXProject;
			attributes = {
				LastSwiftUpdateCheck = 1130;
				LastUpgradeCheck = 1130;
				ORGANIZATIONNAME = Tractive;
				TargetAttributes = {
					2D9B655B25711C9200301E23 = {
						CreatedOnToolsVersion = 11.3;
					};
					2D9B657125711C9C00301E23 = {
						CreatedOnToolsVersion = 11.3;
						TestTargetID = 2D9B655B25711C9200301E23;
					};
					2D9B657C25711C9D00301E23 = {
						CreatedOnToolsVersion = 11.3;
						TestTargetID = 2D9B655B25711C9200301E23;
					};
				};
			};
			buildConfigurationList = 2D9B655725711C9200301E23 /* Build configuration list for PBXProject "TractiveWeather" */;
			compatibilityVersion = "Xcode 9.3";
			developmentRegion = en;
			hasScannedForEncodings = 0;
			knownRegions = (
				en,
				Base,
				de,
			);
			mainGroup = 2D9B655325711C9200301E23;
			productRefGroup = 2D9B655D25711C9200301E23 /* Products */;
			projectDirPath = "";
			projectRoot = "";
			targets = (
				2D9B655B25711C9200301E23 /* App */,
				2D9B657125711C9C00301E23 /* Tests */,
				2D9B657C25711C9D00301E23 /* UITests */,
			);
		};
/* End PBXProject section */

/* Begin PBXResourcesBuildPhase section */
		2D9B655A25711C9200301E23 /* Resources */ = {
			isa = PBXResourcesBuildPhase;
			buildActionMask = 2147483647;
			files = (
				2D9B656C25711C9C00301E23 /* LaunchScreen.storyboard in Resources */,
				2D661AFF257729CF00BB2402 /* Localizable.strings in Resources */,
				2D9B656925711C9C00301E23 /* Images.xcassets in Resources */,
				2D9B656725711C9200301E23 /* Main.storyboard in Resources */,
			);
			runOnlyForDeploymentPostprocessing = 0;
		};
		2D9B657025711C9C00301E23 /* Resources */ = {
			isa = PBXResourcesBuildPhase;
			buildActionMask = 2147483647;
			files = (
				2D9B659F25712B5D00301E23 /* WeatherApiResponseMock.json in Resources */,
			);
			runOnlyForDeploymentPostprocessing = 0;
		};
		2D9B657B25711C9D00301E23 /* Resources */ = {
			isa = PBXResourcesBuildPhase;
			buildActionMask = 2147483647;
			files = (
			);
			runOnlyForDeploymentPostprocessing = 0;
		};
/* End PBXResourcesBuildPhase section */

/* Begin PBXSourcesBuildPhase section */
		2D9B655825711C9200301E23 /* Sources */ = {
			isa = PBXSourcesBuildPhase;
			buildActionMask = 2147483647;
			files = (
				2D9B65A725767A6E00301E23 /* WeatherOverviewTableViewCell.swift in Sources */,
				2DC7EFCC2576DAAD00F2BA8B /* WeatherViewModel.swift in Sources */,
				2D651EF2257824C500D42336 /* URLExtension.swift in Sources */,
				2DC7EFC62576C37100F2BA8B /* DateExtension.swift in Sources */,
				2D9B656425711C9200301E23 /* WeatherViewController.swift in Sources */,
				2D651EF0257822AC00D42336 /* URLQueryItemArrayExtension.swift in Sources */,
				2DE7348E25788FD100E36DCB /* InfoPlistModel.swift in Sources */,
				2DC7EFD02577025E00F2BA8B /* Environment.swift in Sources */,
				2D9B65992571278600301E23 /* WeatherApiResponseModel.swift in Sources */,
				2D9B65A925767C0600301E23 /* UITableViewExtension.swift in Sources */,
				2DC7EFCE2576DAE900F2BA8B /* WeatherModel.swift in Sources */,
				2DC7EFCA2576C5DC00F2BA8B /* IntExtension.swift in Sources */,
				2D651EF4257828FB00D42336 /* AlertHandler.swift in Sources */,
				2DC7EFC82576C40800F2BA8B /* DateFormatterExtension.swift in Sources */,
				2DC7EFD22577156300F2BA8B /* Assets.swift in Sources */,
				2D9B65A325766C2900301E23 /* ApiManager.swift in Sources */,
				2D9B656025711C9200301E23 /* AppDelegate.swift in Sources */,
				2D9B656225711C9200301E23 /* SceneDelegate.swift in Sources */,
				2D9B65A525766CDA00301E23 /* PlistReader.swift in Sources */,
				2D651EF72578610A00D42336 /* Result.swift in Sources */,
				2D651EFD25787BEF00D42336 /* UIImageExtension.swift in Sources */,
				2D661B0425772A6D00BB2402 /* L10n.swift in Sources */,
				2D651EFB2578728400D42336 /* StringExtension.swift in Sources */,
				2DE7348C257886F300E36DCB /* ViewData.swift in Sources */,
				2D9B65AB2576AF5900301E23 /* WeatherDetailsTableViewCell.swift in Sources */,
			);
			runOnlyForDeploymentPostprocessing = 0;
		};
		2D9B656E25711C9C00301E23 /* Sources */ = {
			isa = PBXSourcesBuildPhase;
			buildActionMask = 2147483647;
			files = (
				2D9B657725711C9C00301E23 /* TractiveWeatherTests.swift in Sources */,
			);
			runOnlyForDeploymentPostprocessing = 0;
		};
		2D9B657925711C9D00301E23 /* Sources */ = {
			isa = PBXSourcesBuildPhase;
			buildActionMask = 2147483647;
			files = (
				2D9B658225711C9D00301E23 /* WeatherTests.swift in Sources */,
				2D651EF925786C9600D42336 /* WeatherElements.swift in Sources */,
			);
			runOnlyForDeploymentPostprocessing = 0;
		};
/* End PBXSourcesBuildPhase section */

/* Begin PBXTargetDependency section */
		2D9B657425711C9C00301E23 /* PBXTargetDependency */ = {
			isa = PBXTargetDependency;
			target = 2D9B655B25711C9200301E23 /* App */;
			targetProxy = 2D9B657325711C9C00301E23 /* PBXContainerItemProxy */;
		};
		2D9B657F25711C9D00301E23 /* PBXTargetDependency */ = {
			isa = PBXTargetDependency;
			target = 2D9B655B25711C9200301E23 /* App */;
			targetProxy = 2D9B657E25711C9D00301E23 /* PBXContainerItemProxy */;
		};
/* End PBXTargetDependency section */

/* Begin PBXVariantGroup section */
		2D661B01257729CF00BB2402 /* Localizable.strings */ = {
			isa = PBXVariantGroup;
			children = (
				2D661B00257729CF00BB2402 /* en */,
				2D661B02257729F500BB2402 /* de */,
			);
			name = Localizable.strings;
			sourceTree = "<group>";
		};
		2D9B656525711C9200301E23 /* Main.storyboard */ = {
			isa = PBXVariantGroup;
			children = (
				2D9B656625711C9200301E23 /* Base */,
			);
			name = Main.storyboard;
			sourceTree = "<group>";
		};
		2D9B656A25711C9C00301E23 /* LaunchScreen.storyboard */ = {
			isa = PBXVariantGroup;
			children = (
				2D9B656B25711C9C00301E23 /* Base */,
			);
			name = LaunchScreen.storyboard;
			sourceTree = "<group>";
		};
/* End PBXVariantGroup section */

/* Begin XCBuildConfiguration section */
		2D9B658425711C9D00301E23 /* Debug */ = {
			isa = XCBuildConfiguration;
			buildSettings = {
				ALWAYS_SEARCH_USER_PATHS = NO;
				CLANG_ANALYZER_LOCALIZABILITY_NONLOCALIZED = YES;
				CLANG_ANALYZER_NONNULL = YES;
				CLANG_ANALYZER_NUMBER_OBJECT_CONVERSION = YES_AGGRESSIVE;
				CLANG_CXX_LANGUAGE_STANDARD = "gnu++14";
				CLANG_CXX_LIBRARY = "libc++";
				CLANG_ENABLE_MODULES = YES;
				CLANG_ENABLE_OBJC_ARC = YES;
				CLANG_ENABLE_OBJC_WEAK = YES;
				CLANG_WARN_BLOCK_CAPTURE_AUTORELEASING = YES;
				CLANG_WARN_BOOL_CONVERSION = YES;
				CLANG_WARN_COMMA = YES;
				CLANG_WARN_CONSTANT_CONVERSION = YES;
				CLANG_WARN_DEPRECATED_OBJC_IMPLEMENTATIONS = YES;
				CLANG_WARN_DIRECT_OBJC_ISA_USAGE = YES_ERROR;
				CLANG_WARN_DOCUMENTATION_COMMENTS = YES;
				CLANG_WARN_EMPTY_BODY = YES;
				CLANG_WARN_ENUM_CONVERSION = YES;
				CLANG_WARN_INFINITE_RECURSION = YES;
				CLANG_WARN_INT_CONVERSION = YES;
				CLANG_WARN_NON_LITERAL_NULL_CONVERSION = YES;
				CLANG_WARN_OBJC_IMPLICIT_RETAIN_SELF = YES;
				CLANG_WARN_OBJC_LITERAL_CONVERSION = YES;
				CLANG_WARN_OBJC_ROOT_CLASS = YES_ERROR;
				CLANG_WARN_RANGE_LOOP_ANALYSIS = YES;
				CLANG_WARN_STRICT_PROTOTYPES = YES;
				CLANG_WARN_SUSPICIOUS_MOVE = YES;
				CLANG_WARN_UNGUARDED_AVAILABILITY = YES_AGGRESSIVE;
				CLANG_WARN_UNREACHABLE_CODE = YES;
				CLANG_WARN__DUPLICATE_METHOD_MATCH = YES;
				COPY_PHASE_STRIP = NO;
				DEBUG_INFORMATION_FORMAT = dwarf;
				ENABLE_STRICT_OBJC_MSGSEND = YES;
				ENABLE_TESTABILITY = YES;
				GCC_C_LANGUAGE_STANDARD = gnu11;
				GCC_DYNAMIC_NO_PIC = NO;
				GCC_NO_COMMON_BLOCKS = YES;
				GCC_OPTIMIZATION_LEVEL = 0;
				GCC_PREPROCESSOR_DEFINITIONS = (
					"DEBUG=1",
					"$(inherited)",
				);
				GCC_WARN_64_TO_32_BIT_CONVERSION = YES;
				GCC_WARN_ABOUT_RETURN_TYPE = YES_ERROR;
				GCC_WARN_UNDECLARED_SELECTOR = YES;
				GCC_WARN_UNINITIALIZED_AUTOS = YES_AGGRESSIVE;
				GCC_WARN_UNUSED_FUNCTION = YES;
				GCC_WARN_UNUSED_VARIABLE = YES;
				IPHONEOS_DEPLOYMENT_TARGET = 13.0;
				MTL_ENABLE_DEBUG_INFO = INCLUDE_SOURCE;
				MTL_FAST_MATH = YES;
				ONLY_ACTIVE_ARCH = YES;
				SDKROOT = iphoneos;
				SWIFT_ACTIVE_COMPILATION_CONDITIONS = DEBUG;
				SWIFT_OPTIMIZATION_LEVEL = "-Onone";
			};
			name = Debug;
		};
		2D9B658525711C9D00301E23 /* Release */ = {
			isa = XCBuildConfiguration;
			buildSettings = {
				ALWAYS_SEARCH_USER_PATHS = NO;
				CLANG_ANALYZER_LOCALIZABILITY_NONLOCALIZED = YES;
				CLANG_ANALYZER_NONNULL = YES;
				CLANG_ANALYZER_NUMBER_OBJECT_CONVERSION = YES_AGGRESSIVE;
				CLANG_CXX_LANGUAGE_STANDARD = "gnu++14";
				CLANG_CXX_LIBRARY = "libc++";
				CLANG_ENABLE_MODULES = YES;
				CLANG_ENABLE_OBJC_ARC = YES;
				CLANG_ENABLE_OBJC_WEAK = YES;
				CLANG_WARN_BLOCK_CAPTURE_AUTORELEASING = YES;
				CLANG_WARN_BOOL_CONVERSION = YES;
				CLANG_WARN_COMMA = YES;
				CLANG_WARN_CONSTANT_CONVERSION = YES;
				CLANG_WARN_DEPRECATED_OBJC_IMPLEMENTATIONS = YES;
				CLANG_WARN_DIRECT_OBJC_ISA_USAGE = YES_ERROR;
				CLANG_WARN_DOCUMENTATION_COMMENTS = YES;
				CLANG_WARN_EMPTY_BODY = YES;
				CLANG_WARN_ENUM_CONVERSION = YES;
				CLANG_WARN_INFINITE_RECURSION = YES;
				CLANG_WARN_INT_CONVERSION = YES;
				CLANG_WARN_NON_LITERAL_NULL_CONVERSION = YES;
				CLANG_WARN_OBJC_IMPLICIT_RETAIN_SELF = YES;
				CLANG_WARN_OBJC_LITERAL_CONVERSION = YES;
				CLANG_WARN_OBJC_ROOT_CLASS = YES_ERROR;
				CLANG_WARN_RANGE_LOOP_ANALYSIS = YES;
				CLANG_WARN_STRICT_PROTOTYPES = YES;
				CLANG_WARN_SUSPICIOUS_MOVE = YES;
				CLANG_WARN_UNGUARDED_AVAILABILITY = YES_AGGRESSIVE;
				CLANG_WARN_UNREACHABLE_CODE = YES;
				CLANG_WARN__DUPLICATE_METHOD_MATCH = YES;
				COPY_PHASE_STRIP = NO;
				DEBUG_INFORMATION_FORMAT = "dwarf-with-dsym";
				ENABLE_NS_ASSERTIONS = NO;
				ENABLE_STRICT_OBJC_MSGSEND = YES;
				GCC_C_LANGUAGE_STANDARD = gnu11;
				GCC_NO_COMMON_BLOCKS = YES;
				GCC_WARN_64_TO_32_BIT_CONVERSION = YES;
				GCC_WARN_ABOUT_RETURN_TYPE = YES_ERROR;
				GCC_WARN_UNDECLARED_SELECTOR = YES;
				GCC_WARN_UNINITIALIZED_AUTOS = YES_AGGRESSIVE;
				GCC_WARN_UNUSED_FUNCTION = YES;
				GCC_WARN_UNUSED_VARIABLE = YES;
				IPHONEOS_DEPLOYMENT_TARGET = 13.0;
				MTL_ENABLE_DEBUG_INFO = NO;
				MTL_FAST_MATH = YES;
				SDKROOT = iphoneos;
				SWIFT_COMPILATION_MODE = wholemodule;
				SWIFT_OPTIMIZATION_LEVEL = "-O";
				VALIDATE_PRODUCT = YES;
			};
			name = Release;
		};
		2D9B658725711C9D00301E23 /* Debug */ = {
			isa = XCBuildConfiguration;
			buildSettings = {
				ASSETCATALOG_COMPILER_APPICON_NAME = AppIcon;
				CODE_SIGN_STYLE = Automatic;
				CURRENT_PROJECT_VERSION = 1;
				DEVELOPMENT_TEAM = H78F7NL94V;
				INFOPLIST_FILE = App/SupportingFiles/Info.plist;
				IPHONEOS_DEPLOYMENT_TARGET = 13.0;
				LD_RUNPATH_SEARCH_PATHS = (
					"$(inherited)",
					"@executable_path/Frameworks",
				);
				MARKETING_VERSION = 1.0.0;
				PRODUCT_BUNDLE_IDENTIFIER = app.tractive.weather;
				PRODUCT_NAME = "Tractive Weather";
				SWIFT_VERSION = 5.0;
				TARGETED_DEVICE_FAMILY = "1,2";
			};
			name = Debug;
		};
		2D9B658825711C9D00301E23 /* Release */ = {
			isa = XCBuildConfiguration;
			buildSettings = {
				ASSETCATALOG_COMPILER_APPICON_NAME = AppIcon;
				CODE_SIGN_STYLE = Automatic;
				CURRENT_PROJECT_VERSION = 1;
				DEVELOPMENT_TEAM = H78F7NL94V;
				INFOPLIST_FILE = App/SupportingFiles/Info.plist;
				IPHONEOS_DEPLOYMENT_TARGET = 13.0;
				LD_RUNPATH_SEARCH_PATHS = (
					"$(inherited)",
					"@executable_path/Frameworks",
				);
				MARKETING_VERSION = 1.0.0;
				PRODUCT_BUNDLE_IDENTIFIER = app.tractive.weather;
				PRODUCT_NAME = "Tractive Weather";
				SWIFT_VERSION = 5.0;
				TARGETED_DEVICE_FAMILY = "1,2";
			};
			name = Release;
		};
		2D9B658A25711C9D00301E23 /* Debug */ = {
			isa = XCBuildConfiguration;
			buildSettings = {
				ALWAYS_EMBED_SWIFT_STANDARD_LIBRARIES = YES;
				BUNDLE_LOADER = "$(TEST_HOST)";
				CODE_SIGN_STYLE = Automatic;
				DEVELOPMENT_TEAM = H78F7NL94V;
				INFOPLIST_FILE = Tests/Info.plist;
				IPHONEOS_DEPLOYMENT_TARGET = 13.2;
				LD_RUNPATH_SEARCH_PATHS = (
					"$(inherited)",
					"@executable_path/Frameworks",
					"@loader_path/Frameworks",
				);
				PRODUCT_BUNDLE_IDENTIFIER = app.tractive.weather.TractiveWeatherTests;
				PRODUCT_NAME = "$(TARGET_NAME)";
				SWIFT_VERSION = 5.0;
				TARGETED_DEVICE_FAMILY = "1,2";
				TEST_HOST = "$(BUILT_PRODUCTS_DIR)/Tractive Weather.app/Tractive Weather";
			};
			name = Debug;
		};
		2D9B658B25711C9D00301E23 /* Release */ = {
			isa = XCBuildConfiguration;
			buildSettings = {
				ALWAYS_EMBED_SWIFT_STANDARD_LIBRARIES = YES;
				BUNDLE_LOADER = "$(TEST_HOST)";
				CODE_SIGN_STYLE = Automatic;
				DEVELOPMENT_TEAM = H78F7NL94V;
				INFOPLIST_FILE = Tests/Info.plist;
				IPHONEOS_DEPLOYMENT_TARGET = 13.2;
				LD_RUNPATH_SEARCH_PATHS = (
					"$(inherited)",
					"@executable_path/Frameworks",
					"@loader_path/Frameworks",
				);
				PRODUCT_BUNDLE_IDENTIFIER = app.tractive.weather.TractiveWeatherTests;
				PRODUCT_NAME = "$(TARGET_NAME)";
				SWIFT_VERSION = 5.0;
				TARGETED_DEVICE_FAMILY = "1,2";
				TEST_HOST = "$(BUILT_PRODUCTS_DIR)/Tractive Weather.app/Tractive Weather";
			};
			name = Release;
		};
		2D9B658D25711C9D00301E23 /* Debug */ = {
			isa = XCBuildConfiguration;
			buildSettings = {
				ALWAYS_EMBED_SWIFT_STANDARD_LIBRARIES = YES;
				CODE_SIGN_STYLE = Automatic;
				DEVELOPMENT_TEAM = H78F7NL94V;
				INFOPLIST_FILE = UITests/Info.plist;
				LD_RUNPATH_SEARCH_PATHS = (
					"$(inherited)",
					"@executable_path/Frameworks",
					"@loader_path/Frameworks",
				);
				PRODUCT_BUNDLE_IDENTIFIER = app.tractive.weather.TractiveWeatherUITests;
				PRODUCT_NAME = "$(TARGET_NAME)";
				PROVISIONING_PROFILE = "";
				SWIFT_VERSION = 5.0;
				TARGETED_DEVICE_FAMILY = "1,2";
				TEST_TARGET_NAME = App;
			};
			name = Debug;
		};
		2D9B658E25711C9D00301E23 /* Release */ = {
			isa = XCBuildConfiguration;
			buildSettings = {
				ALWAYS_EMBED_SWIFT_STANDARD_LIBRARIES = YES;
				CODE_SIGN_STYLE = Automatic;
				DEVELOPMENT_TEAM = H78F7NL94V;
				INFOPLIST_FILE = UITests/Info.plist;
				LD_RUNPATH_SEARCH_PATHS = (
					"$(inherited)",
					"@executable_path/Frameworks",
					"@loader_path/Frameworks",
				);
				PRODUCT_BUNDLE_IDENTIFIER = app.tractive.weather.TractiveWeatherUITests;
				PRODUCT_NAME = "$(TARGET_NAME)";
				PROVISIONING_PROFILE = "";
				SWIFT_VERSION = 5.0;
				TARGETED_DEVICE_FAMILY = "1,2";
				TEST_TARGET_NAME = App;
			};
			name = Release;
		};
/* End XCBuildConfiguration section */

/* Begin XCConfigurationList section */
		2D9B655725711C9200301E23 /* Build configuration list for PBXProject "TractiveWeather" */ = {
			isa = XCConfigurationList;
			buildConfigurations = (
				2D9B658425711C9D00301E23 /* Debug */,
				2D9B658525711C9D00301E23 /* Release */,
			);
			defaultConfigurationIsVisible = 0;
			defaultConfigurationName = Release;
		};
		2D9B658625711C9D00301E23 /* Build configuration list for PBXNativeTarget "App" */ = {
			isa = XCConfigurationList;
			buildConfigurations = (
				2D9B658725711C9D00301E23 /* Debug */,
				2D9B658825711C9D00301E23 /* Release */,
			);
			defaultConfigurationIsVisible = 0;
			defaultConfigurationName = Release;
		};
		2D9B658925711C9D00301E23 /* Build configuration list for PBXNativeTarget "Tests" */ = {
			isa = XCConfigurationList;
			buildConfigurations = (
				2D9B658A25711C9D00301E23 /* Debug */,
				2D9B658B25711C9D00301E23 /* Release */,
			);
			defaultConfigurationIsVisible = 0;
			defaultConfigurationName = Release;
		};
		2D9B658C25711C9D00301E23 /* Build configuration list for PBXNativeTarget "UITests" */ = {
			isa = XCConfigurationList;
			buildConfigurations = (
				2D9B658D25711C9D00301E23 /* Debug */,
				2D9B658E25711C9D00301E23 /* Release */,
			);
			defaultConfigurationIsVisible = 0;
			defaultConfigurationName = Release;
		};
/* End XCConfigurationList section */
	};
	rootObject = 2D9B655425711C9200301E23 /* Project object */;
}
